// !$*UTF8*$!
{
	archiveVersion = 1;
	classes = {
	};
	objectVersion = 56;
	objects = {

/* Begin PBXBuildFile section */
		EB97A7A72AA8C4A500C4BA58 /* CoreDataExampleApp.swift in Sources */ = {isa = PBXBuildFile; fileRef = EB97A7A62AA8C4A500C4BA58 /* CoreDataExampleApp.swift */; };
		EB97A7A92AA8C4A500C4BA58 /* ContentView.swift in Sources */ = {isa = PBXBuildFile; fileRef = EB97A7A82AA8C4A500C4BA58 /* ContentView.swift */; };
		EB97A7AB2AA8C4A500C4BA58 /* Assets.xcassets in Resources */ = {isa = PBXBuildFile; fileRef = EB97A7AA2AA8C4A500C4BA58 /* Assets.xcassets */; };
		EB97A7AE2AA8C4A500C4BA58 /* Preview Assets.xcassets in Resources */ = {isa = PBXBuildFile; fileRef = EB97A7AD2AA8C4A500C4BA58 /* Preview Assets.xcassets */; };
		EB97A7B82AA8C4A500C4BA58 /* CoreDataExampleTests.swift in Sources */ = {isa = PBXBuildFile; fileRef = EB97A7B72AA8C4A500C4BA58 /* CoreDataExampleTests.swift */; };
		EB97A7C22AA8C4A600C4BA58 /* CoreDataExampleUITests.swift in Sources */ = {isa = PBXBuildFile; fileRef = EB97A7C12AA8C4A600C4BA58 /* CoreDataExampleUITests.swift */; };
		EB97A7C42AA8C4A600C4BA58 /* CoreDataExampleUITestsLaunchTests.swift in Sources */ = {isa = PBXBuildFile; fileRef = EB97A7C32AA8C4A600C4BA58 /* CoreDataExampleUITestsLaunchTests.swift */; };
/* End PBXBuildFile section */

/* Begin PBXContainerItemProxy section */
		EB97A7B42AA8C4A500C4BA58 /* PBXContainerItemProxy */ = {
			isa = PBXContainerItemProxy;
			containerPortal = EB97A79B2AA8C4A400C4BA58 /* Project object */;
			proxyType = 1;
			remoteGlobalIDString = EB97A7A22AA8C4A400C4BA58;
			remoteInfo = CoreDataExample;
		};
		EB97A7BE2AA8C4A500C4BA58 /* PBXContainerItemProxy */ = {
			isa = PBXContainerItemProxy;
			containerPortal = EB97A79B2AA8C4A400C4BA58 /* Project object */;
			proxyType = 1;
			remoteGlobalIDString = EB97A7A22AA8C4A400C4BA58;
			remoteInfo = CoreDataExample;
		};
/* End PBXContainerItemProxy section */

/* Begin PBXFileReference section */
		EB97A7A32AA8C4A500C4BA58 /* CoreDataExample.app */ = {isa = PBXFileReference; explicitFileType = wrapper.application; includeInIndex = 0; path = CoreDataExample.app; sourceTree = BUILT_PRODUCTS_DIR; };
		EB97A7A62AA8C4A500C4BA58 /* CoreDataExampleApp.swift */ = {isa = PBXFileReference; lastKnownFileType = sourcecode.swift; path = CoreDataExampleApp.swift; sourceTree = "<group>"; };
		EB97A7A82AA8C4A500C4BA58 /* ContentView.swift */ = {isa = PBXFileReference; lastKnownFileType = sourcecode.swift; path = ContentView.swift; sourceTree = "<group>"; };
		EB97A7AA2AA8C4A500C4BA58 /* Assets.xcassets */ = {isa = PBXFileReference; lastKnownFileType = folder.assetcatalog; path = Assets.xcassets; sourceTree = "<group>"; };
		EB97A7AD2AA8C4A500C4BA58 /* Preview Assets.xcassets */ = {isa = PBXFileReference; lastKnownFileType = folder.assetcatalog; path = "Preview Assets.xcassets"; sourceTree = "<group>"; };
		EB97A7B32AA8C4A500C4BA58 /* CoreDataExampleTests.xctest */ = {isa = PBXFileReference; explicitFileType = wrapper.cfbundle; includeInIndex = 0; path = CoreDataExampleTests.xctest; sourceTree = BUILT_PRODUCTS_DIR; };
		EB97A7B72AA8C4A500C4BA58 /* CoreDataExampleTests.swift */ = {isa = PBXFileReference; lastKnownFileType = sourcecode.swift; path = CoreDataExampleTests.swift; sourceTree = "<group>"; };
		EB97A7BD2AA8C4A500C4BA58 /* CoreDataExampleUITests.xctest */ = {isa = PBXFileReference; explicitFileType = wrapper.cfbundle; includeInIndex = 0; path = CoreDataExampleUITests.xctest; sourceTree = BUILT_PRODUCTS_DIR; };
		EB97A7C12AA8C4A600C4BA58 /* CoreDataExampleUITests.swift */ = {isa = PBXFileReference; lastKnownFileType = sourcecode.swift; path = CoreDataExampleUITests.swift; sourceTree = "<group>"; };
		EB97A7C32AA8C4A600C4BA58 /* CoreDataExampleUITestsLaunchTests.swift */ = {isa = PBXFileReference; lastKnownFileType = sourcecode.swift; path = CoreDataExampleUITestsLaunchTests.swift; sourceTree = "<group>"; };
/* End PBXFileReference section */

/* Begin PBXFrameworksBuildPhase section */
		EB97A7A02AA8C4A400C4BA58 /* Frameworks */ = {
			isa = PBXFrameworksBuildPhase;
			buildActionMask = 2147483647;
			files = (
			);
			runOnlyForDeploymentPostprocessing = 0;
		};
		EB97A7B02AA8C4A500C4BA58 /* Frameworks */ = {
			isa = PBXFrameworksBuildPhase;
			buildActionMask = 2147483647;
			files = (
			);
			runOnlyForDeploymentPostprocessing = 0;
		};
		EB97A7BA2AA8C4A500C4BA58 /* Frameworks */ = {
			isa = PBXFrameworksBuildPhase;
			buildActionMask = 2147483647;
			files = (
			);
			runOnlyForDeploymentPostprocessing = 0;
		};
/* End PBXFrameworksBuildPhase section */

/* Begin PBXGroup section */
		EB97A79A2AA8C4A400C4BA58 = {
			isa = PBXGroup;
			children = (
				EB97A7A52AA8C4A500C4BA58 /* CoreDataExample */,
				EB97A7B62AA8C4A500C4BA58 /* CoreDataExampleTests */,
				EB97A7C02AA8C4A600C4BA58 /* CoreDataExampleUITests */,
				EB97A7A42AA8C4A500C4BA58 /* Products */,
			);
			sourceTree = "<group>";
		};
		EB97A7A42AA8C4A500C4BA58 /* Products */ = {
			isa = PBXGroup;
			children = (
				EB97A7A32AA8C4A500C4BA58 /* CoreDataExample.app */,
				EB97A7B32AA8C4A500C4BA58 /* CoreDataExampleTests.xctest */,
				EB97A7BD2AA8C4A500C4BA58 /* CoreDataExampleUITests.xctest */,
			);
			name = Products;
			sourceTree = "<group>";
		};
		EB97A7A52AA8C4A500C4BA58 /* CoreDataExample */ = {
			isa = PBXGroup;
			children = (
				EB97A7A62AA8C4A500C4BA58 /* CoreDataExampleApp.swift */,
				EB97A7A82AA8C4A500C4BA58 /* ContentView.swift */,
				EB97A7AA2AA8C4A500C4BA58 /* Assets.xcassets */,
				EB97A7AC2AA8C4A500C4BA58 /* Preview Content */,
			);
			path = CoreDataExample;
			sourceTree = "<group>";
		};
		EB97A7AC2AA8C4A500C4BA58 /* Preview Content */ = {
			isa = PBXGroup;
			children = (
				EB97A7AD2AA8C4A500C4BA58 /* Preview Assets.xcassets */,
			);
			path = "Preview Content";
			sourceTree = "<group>";
		};
		EB97A7B62AA8C4A500C4BA58 /* CoreDataExampleTests */ = {
			isa = PBXGroup;
			children = (
				EB97A7B72AA8C4A500C4BA58 /* CoreDataExampleTests.swift */,
			);
			path = CoreDataExampleTests;
			sourceTree = "<group>";
		};
		EB97A7C02AA8C4A600C4BA58 /* CoreDataExampleUITests */ = {
			isa = PBXGroup;
			children = (
				EB97A7C12AA8C4A600C4BA58 /* CoreDataExampleUITests.swift */,
				EB97A7C32AA8C4A600C4BA58 /* CoreDataExampleUITestsLaunchTests.swift */,
			);
			path = CoreDataExampleUITests;
			sourceTree = "<group>";
		};
/* End PBXGroup section */

/* Begin PBXNativeTarget section */
		EB97A7A22AA8C4A400C4BA58 /* CoreDataExample */ = {
			isa = PBXNativeTarget;
			buildConfigurationList = EB97A7C72AA8C4A600C4BA58 /* Build configuration list for PBXNativeTarget "CoreDataExample" */;
			buildPhases = (
				EB97A79F2AA8C4A400C4BA58 /* Sources */,
				EB97A7A02AA8C4A400C4BA58 /* Frameworks */,
				EB97A7A12AA8C4A400C4BA58 /* Resources */,
			);
			buildRules = (
			);
			dependencies = (
			);
			name = CoreDataExample;
			productName = CoreDataExample;
			productReference = EB97A7A32AA8C4A500C4BA58 /* CoreDataExample.app */;
			productType = "com.apple.product-type.application";
		};
		EB97A7B22AA8C4A500C4BA58 /* CoreDataExampleTests */ = {
			isa = PBXNativeTarget;
			buildConfigurationList = EB97A7CA2AA8C4A600C4BA58 /* Build configuration list for PBXNativeTarget "CoreDataExampleTests" */;
			buildPhases = (
				EB97A7AF2AA8C4A500C4BA58 /* Sources */,
				EB97A7B02AA8C4A500C4BA58 /* Frameworks */,
				EB97A7B12AA8C4A500C4BA58 /* Resources */,
			);
			buildRules = (
			);
			dependencies = (
				EB97A7B52AA8C4A500C4BA58 /* PBXTargetDependency */,
			);
			name = CoreDataExampleTests;
			productName = CoreDataExampleTests;
			productReference = EB97A7B32AA8C4A500C4BA58 /* CoreDataExampleTests.xctest */;
			productType = "com.apple.product-type.bundle.unit-test";
		};
		EB97A7BC2AA8C4A500C4BA58 /* CoreDataExampleUITests */ = {
			isa = PBXNativeTarget;
			buildConfigurationList = EB97A7CD2AA8C4A600C4BA58 /* Build configuration list for PBXNativeTarget "CoreDataExampleUITests" */;
			buildPhases = (
				EB97A7B92AA8C4A500C4BA58 /* Sources */,
				EB97A7BA2AA8C4A500C4BA58 /* Frameworks */,
				EB97A7BB2AA8C4A500C4BA58 /* Resources */,
			);
			buildRules = (
			);
			dependencies = (
				EB97A7BF2AA8C4A500C4BA58 /* PBXTargetDependency */,
			);
			name = CoreDataExampleUITests;
			productName = CoreDataExampleUITests;
			productReference = EB97A7BD2AA8C4A500C4BA58 /* CoreDataExampleUITests.xctest */;
			productType = "com.apple.product-type.bundle.ui-testing";
		};
/* End PBXNativeTarget section */

/* Begin PBXProject section */
		EB97A79B2AA8C4A400C4BA58 /* Project object */ = {
			isa = PBXProject;
			attributes = {
				BuildIndependentTargetsInParallel = 1;
				LastSwiftUpdateCheck = 1430;
				LastUpgradeCheck = 1430;
				TargetAttributes = {
					EB97A7A22AA8C4A400C4BA58 = {
						CreatedOnToolsVersion = 14.3.1;
					};
					EB97A7B22AA8C4A500C4BA58 = {
						CreatedOnToolsVersion = 14.3.1;
						TestTargetID = EB97A7A22AA8C4A400C4BA58;
					};
					EB97A7BC2AA8C4A500C4BA58 = {
						CreatedOnToolsVersion = 14.3.1;
						TestTargetID = EB97A7A22AA8C4A400C4BA58;
					};
				};
			};
			buildConfigurationList = EB97A79E2AA8C4A400C4BA58 /* Build configuration list for PBXProject "CoreDataExample" */;
			compatibilityVersion = "Xcode 14.0";
			developmentRegion = en;
			hasScannedForEncodings = 0;
			knownRegions = (
				en,
				Base,
			);
			mainGroup = EB97A79A2AA8C4A400C4BA58;
			productRefGroup = EB97A7A42AA8C4A500C4BA58 /* Products */;
			projectDirPath = "";
			projectRoot = "";
			targets = (
				EB97A7A22AA8C4A400C4BA58 /* CoreDataExample */,
				EB97A7B22AA8C4A500C4BA58 /* CoreDataExampleTests */,
				EB97A7BC2AA8C4A500C4BA58 /* CoreDataExampleUITests */,
			);
		};
/* End PBXProject section */

/* Begin PBXResourcesBuildPhase section */
		EB97A7A12AA8C4A400C4BA58 /* Resources */ = {
			isa = PBXResourcesBuildPhase;
			buildActionMask = 2147483647;
			files = (
				EB97A7AE2AA8C4A500C4BA58 /* Preview Assets.xcassets in Resources */,
				EB97A7AB2AA8C4A500C4BA58 /* Assets.xcassets in Resources */,
			);
			runOnlyForDeploymentPostprocessing = 0;
		};
		EB97A7B12AA8C4A500C4BA58 /* Resources */ = {
			isa = PBXResourcesBuildPhase;
			buildActionMask = 2147483647;
			files = (
			);
			runOnlyForDeploymentPostprocessing = 0;
		};
		EB97A7BB2AA8C4A500C4BA58 /* Resources */ = {
			isa = PBXResourcesBuildPhase;
			buildActionMask = 2147483647;
			files = (
			);
			runOnlyForDeploymentPostprocessing = 0;
		};
/* End PBXResourcesBuildPhase section */

/* Begin PBXSourcesBuildPhase section */
		EB97A79F2AA8C4A400C4BA58 /* Sources */ = {
			isa = PBXSourcesBuildPhase;
			buildActionMask = 2147483647;
			files = (
				EB97A7A92AA8C4A500C4BA58 /* ContentView.swift in Sources */,
				EB97A7A72AA8C4A500C4BA58 /* CoreDataExampleApp.swift in Sources */,
			);
			runOnlyForDeploymentPostprocessing = 0;
		};
		EB97A7AF2AA8C4A500C4BA58 /* Sources */ = {
			isa = PBXSourcesBuildPhase;
			buildActionMask = 2147483647;
			files = (
				EB97A7B82AA8C4A500C4BA58 /* CoreDataExampleTests.swift in Sources */,
			);
			runOnlyForDeploymentPostprocessing = 0;
		};
		EB97A7B92AA8C4A500C4BA58 /* Sources */ = {
			isa = PBXSourcesBuildPhase;
			buildActionMask = 2147483647;
			files = (
				EB97A7C42AA8C4A600C4BA58 /* CoreDataExampleUITestsLaunchTests.swift in Sources */,
				EB97A7C22AA8C4A600C4BA58 /* CoreDataExampleUITests.swift in Sources */,
			);
			runOnlyForDeploymentPostprocessing = 0;
		};
/* End PBXSourcesBuildPhase section */

/* Begin PBXTargetDependency section */
		EB97A7B52AA8C4A500C4BA58 /* PBXTargetDependency */ = {
			isa = PBXTargetDependency;
			target = EB97A7A22AA8C4A400C4BA58 /* CoreDataExample */;
			targetProxy = EB97A7B42AA8C4A500C4BA58 /* PBXContainerItemProxy */;
		};
		EB97A7BF2AA8C4A500C4BA58 /* PBXTargetDependency */ = {
			isa = PBXTargetDependency;
			target = EB97A7A22AA8C4A400C4BA58 /* CoreDataExample */;
			targetProxy = EB97A7BE2AA8C4A500C4BA58 /* PBXContainerItemProxy */;
		};
/* End PBXTargetDependency section */

/* Begin XCBuildConfiguration section */
		EB97A7C52AA8C4A600C4BA58 /* Debug */ = {
			isa = XCBuildConfiguration;
			buildSettings = {
				ALWAYS_SEARCH_USER_PATHS = NO;
				CLANG_ANALYZER_NONNULL = YES;
				CLANG_ANALYZER_NUMBER_OBJECT_CONVERSION = YES_AGGRESSIVE;
				CLANG_CXX_LANGUAGE_STANDARD = "gnu++20";
				CLANG_ENABLE_MODULES = YES;
				CLANG_ENABLE_OBJC_ARC = YES;
				CLANG_ENABLE_OBJC_WEAK = YES;
				CLANG_WARN_BLOCK_CAPTURE_AUTORELEASING = YES;
				CLANG_WARN_BOOL_CONVERSION = YES;
				CLANG_WARN_COMMA = YES;
				CLANG_WARN_CONSTANT_CONVERSION = YES;
				CLANG_WARN_DEPRECATED_OBJC_IMPLEMENTATIONS = YES;
				CLANG_WARN_DIRECT_OBJC_ISA_USAGE = YES_ERROR;
				CLANG_WARN_DOCUMENTATION_COMMENTS = YES;
				CLANG_WARN_EMPTY_BODY = YES;
				CLANG_WARN_ENUM_CONVERSION = YES;
				CLANG_WARN_INFINITE_RECURSION = YES;
				CLANG_WARN_INT_CONVERSION = YES;
				CLANG_WARN_NON_LITERAL_NULL_CONVERSION = YES;
				CLANG_WARN_OBJC_IMPLICIT_RETAIN_SELF = YES;
				CLANG_WARN_OBJC_LITERAL_CONVERSION = YES;
				CLANG_WARN_OBJC_ROOT_CLASS = YES_ERROR;
				CLANG_WARN_QUOTED_INCLUDE_IN_FRAMEWORK_HEADER = YES;
				CLANG_WARN_RANGE_LOOP_ANALYSIS = YES;
				CLANG_WARN_STRICT_PROTOTYPES = YES;
				CLANG_WARN_SUSPICIOUS_MOVE = YES;
				CLANG_WARN_UNGUARDED_AVAILABILITY = YES_AGGRESSIVE;
				CLANG_WARN_UNREACHABLE_CODE = YES;
				CLANG_WARN__DUPLICATE_METHOD_MATCH = YES;
				COPY_PHASE_STRIP = NO;
				DEBUG_INFORMATION_FORMAT = dwarf;
				ENABLE_STRICT_OBJC_MSGSEND = YES;
				ENABLE_TESTABILITY = YES;
				GCC_C_LANGUAGE_STANDARD = gnu11;
				GCC_DYNAMIC_NO_PIC = NO;
				GCC_NO_COMMON_BLOCKS = YES;
				GCC_OPTIMIZATION_LEVEL = 0;
				GCC_PREPROCESSOR_DEFINITIONS = (
					"DEBUG=1",
					"$(inherited)",
				);
				GCC_WARN_64_TO_32_BIT_CONVERSION = YES;
				GCC_WARN_ABOUT_RETURN_TYPE = YES_ERROR;
				GCC_WARN_UNDECLARED_SELECTOR = YES;
				GCC_WARN_UNINITIALIZED_AUTOS = YES_AGGRESSIVE;
				GCC_WARN_UNUSED_FUNCTION = YES;
				GCC_WARN_UNUSED_VARIABLE = YES;
				IPHONEOS_DEPLOYMENT_TARGET = 16.4;
				MTL_ENABLE_DEBUG_INFO = INCLUDE_SOURCE;
				MTL_FAST_MATH = YES;
				ONLY_ACTIVE_ARCH = YES;
				SDKROOT = iphoneos;
				SWIFT_ACTIVE_COMPILATION_CONDITIONS = DEBUG;
				SWIFT_OPTIMIZATION_LEVEL = "-Onone";
			};
			name = Debug;
		};
		EB97A7C62AA8C4A600C4BA58 /* Release */ = {
			isa = XCBuildConfiguration;
			buildSettings = {
				ALWAYS_SEARCH_USER_PATHS = NO;
				CLANG_ANALYZER_NONNULL = YES;
				CLANG_ANALYZER_NUMBER_OBJECT_CONVERSION = YES_AGGRESSIVE;
				CLANG_CXX_LANGUAGE_STANDARD = "gnu++20";
				CLANG_ENABLE_MODULES = YES;
				CLANG_ENABLE_OBJC_ARC = YES;
				CLANG_ENABLE_OBJC_WEAK = YES;
				CLANG_WARN_BLOCK_CAPTURE_AUTORELEASING = YES;
				CLANG_WARN_BOOL_CONVERSION = YES;
				CLANG_WARN_COMMA = YES;
				CLANG_WARN_CONSTANT_CONVERSION = YES;
				CLANG_WARN_DEPRECATED_OBJC_IMPLEMENTATIONS = YES;
				CLANG_WARN_DIRECT_OBJC_ISA_USAGE = YES_ERROR;
				CLANG_WARN_DOCUMENTATION_COMMENTS = YES;
				CLANG_WARN_EMPTY_BODY = YES;
				CLANG_WARN_ENUM_CONVERSION = YES;
				CLANG_WARN_INFINITE_RECURSION = YES;
				CLANG_WARN_INT_CONVERSION = YES;
				CLANG_WARN_NON_LITERAL_NULL_CONVERSION = YES;
				CLANG_WARN_OBJC_IMPLICIT_RETAIN_SELF = YES;
				CLANG_WARN_OBJC_LITERAL_CONVERSION = YES;
				CLANG_WARN_OBJC_ROOT_CLASS = YES_ERROR;
				CLANG_WARN_QUOTED_INCLUDE_IN_FRAMEWORK_HEADER = YES;
				CLANG_WARN_RANGE_LOOP_ANALYSIS = YES;
				CLANG_WARN_STRICT_PROTOTYPES = YES;
				CLANG_WARN_SUSPICIOUS_MOVE = YES;
				CLANG_WARN_UNGUARDED_AVAILABILITY = YES_AGGRESSIVE;
				CLANG_WARN_UNREACHABLE_CODE = YES;
				CLANG_WARN__DUPLICATE_METHOD_MATCH = YES;
				COPY_PHASE_STRIP = NO;
				DEBUG_INFORMATION_FORMAT = "dwarf-with-dsym";
				ENABLE_NS_ASSERTIONS = NO;
				ENABLE_STRICT_OBJC_MSGSEND = YES;
				GCC_C_LANGUAGE_STANDARD = gnu11;
				GCC_NO_COMMON_BLOCKS = YES;
				GCC_WARN_64_TO_32_BIT_CONVERSION = YES;
				GCC_WARN_ABOUT_RETURN_TYPE = YES_ERROR;
				GCC_WARN_UNDECLARED_SELECTOR = YES;
				GCC_WARN_UNINITIALIZED_AUTOS = YES_AGGRESSIVE;
				GCC_WARN_UNUSED_FUNCTION = YES;
				GCC_WARN_UNUSED_VARIABLE = YES;
				IPHONEOS_DEPLOYMENT_TARGET = 16.4;
				MTL_ENABLE_DEBUG_INFO = NO;
				MTL_FAST_MATH = YES;
				SDKROOT = iphoneos;
				SWIFT_COMPILATION_MODE = wholemodule;
				SWIFT_OPTIMIZATION_LEVEL = "-O";
				VALIDATE_PRODUCT = YES;
			};
			name = Release;
		};
		EB97A7C82AA8C4A600C4BA58 /* Debug */ = {
			isa = XCBuildConfiguration;
			buildSettings = {
				ASSETCATALOG_COMPILER_APPICON_NAME = AppIcon;
				ASSETCATALOG_COMPILER_GLOBAL_ACCENT_COLOR_NAME = AccentColor;
				CODE_SIGN_STYLE = Automatic;
				CURRENT_PROJECT_VERSION = 1;
				DEVELOPMENT_ASSET_PATHS = "\"CoreDataExample/Preview Content\"";
				ENABLE_PREVIEWS = YES;
				GENERATE_INFOPLIST_FILE = YES;
				INFOPLIST_KEY_UIApplicationSceneManifest_Generation = YES;
				INFOPLIST_KEY_UIApplicationSupportsIndirectInputEvents = YES;
				INFOPLIST_KEY_UILaunchScreen_Generation = YES;
				INFOPLIST_KEY_UISupportedInterfaceOrientations_iPad = "UIInterfaceOrientationPortrait UIInterfaceOrientationPortraitUpsideDown UIInterfaceOrientationLandscapeLeft UIInterfaceOrientationLandscapeRight";
				INFOPLIST_KEY_UISupportedInterfaceOrientations_iPhone = "UIInterfaceOrientationPortrait UIInterfaceOrientationLandscapeLeft UIInterfaceOrientationLandscapeRight";
				LD_RUNPATH_SEARCH_PATHS = (
					"$(inherited)",
					"@executable_path/Frameworks",
				);
				MARKETING_VERSION = 1.0;
				PRODUCT_BUNDLE_IDENTIFIER = alexParreira.CoreDataExample;
				PRODUCT_NAME = "$(TARGET_NAME)";
				SWIFT_EMIT_LOC_STRINGS = YES;
				SWIFT_VERSION = 5.0;
				TARGETED_DEVICE_FAMILY = "1,2";
			};
			name = Debug;
		};
		EB97A7C92AA8C4A600C4BA58 /* Release */ = {
			isa = XCBuildConfiguration;
			buildSettings = {
				ASSETCATALOG_COMPILER_APPICON_NAME = AppIcon;
				ASSETCATALOG_COMPILER_GLOBAL_ACCENT_COLOR_NAME = AccentColor;
				CODE_SIGN_STYLE = Automatic;
				CURRENT_PROJECT_VERSION = 1;
				DEVELOPMENT_ASSET_PATHS = "\"CoreDataExample/Preview Content\"";
				ENABLE_PREVIEWS = YES;
				GENERATE_INFOPLIST_FILE = YES;
				INFOPLIST_KEY_UIApplicationSceneManifest_Generation = YES;
				INFOPLIST_KEY_UIApplicationSupportsIndirectInputEvents = YES;
				INFOPLIST_KEY_UILaunchScreen_Generation = YES;
				INFOPLIST_KEY_UISupportedInterfaceOrientations_iPad = "UIInterfaceOrientationPortrait UIInterfaceOrientationPortraitUpsideDown UIInterfaceOrientationLandscapeLeft UIInterfaceOrientationLandscapeRight";
				INFOPLIST_KEY_UISupportedInterfaceOrientations_iPhone = "UIInterfaceOrientationPortrait UIInterfaceOrientationLandscapeLeft UIInterfaceOrientationLandscapeRight";
				LD_RUNPATH_SEARCH_PATHS = (
					"$(inherited)",
					"@executable_path/Frameworks",
				);
				MARKETING_VERSION = 1.0;
				PRODUCT_BUNDLE_IDENTIFIER = alexParreira.CoreDataExample;
				PRODUCT_NAME = "$(TARGET_NAME)";
				SWIFT_EMIT_LOC_STRINGS = YES;
				SWIFT_VERSION = 5.0;
				TARGETED_DEVICE_FAMILY = "1,2";
			};
			name = Release;
		};
		EB97A7CB2AA8C4A600C4BA58 /* Debug */ = {
			isa = XCBuildConfiguration;
			buildSettings = {
				ALWAYS_EMBED_SWIFT_STANDARD_LIBRARIES = YES;
				BUNDLE_LOADER = "$(TEST_HOST)";
				CODE_SIGN_STYLE = Automatic;
				CURRENT_PROJECT_VERSION = 1;
				GENERATE_INFOPLIST_FILE = YES;
				IPHONEOS_DEPLOYMENT_TARGET = 16.4;
				MARKETING_VERSION = 1.0;
				PRODUCT_BUNDLE_IDENTIFIER = alexParreira.CoreDataExampleTests;
				PRODUCT_NAME = "$(TARGET_NAME)";
				SWIFT_EMIT_LOC_STRINGS = NO;
				SWIFT_VERSION = 5.0;
				TARGETED_DEVICE_FAMILY = "1,2";
				TEST_HOST = "$(BUILT_PRODUCTS_DIR)/CoreDataExample.app/$(BUNDLE_EXECUTABLE_FOLDER_PATH)/CoreDataExample";
			};
			name = Debug;
		};
		EB97A7CC2AA8C4A600C4BA58 /* Release */ = {
			isa = XCBuildConfiguration;
			buildSettings = {
				ALWAYS_EMBED_SWIFT_STANDARD_LIBRARIES = YES;
				BUNDLE_LOADER = "$(TEST_HOST)";
				CODE_SIGN_STYLE = Automatic;
				CURRENT_PROJECT_VERSION = 1;
				GENERATE_INFOPLIST_FILE = YES;
				IPHONEOS_DEPLOYMENT_TARGET = 16.4;
				MARKETING_VERSION = 1.0;
				PRODUCT_BUNDLE_IDENTIFIER = alexParreira.CoreDataExampleTests;
				PRODUCT_NAME = "$(TARGET_NAME)";
				SWIFT_EMIT_LOC_STRINGS = NO;
				SWIFT_VERSION = 5.0;
				TARGETED_DEVICE_FAMILY = "1,2";
				TEST_HOST = "$(BUILT_PRODUCTS_DIR)/CoreDataExample.app/$(BUNDLE_EXECUTABLE_FOLDER_PATH)/CoreDataExample";
			};
			name = Release;
		};
		EB97A7CE2AA8C4A600C4BA58 /* Debug */ = {
			isa = XCBuildConfiguration;
			buildSettings = {
				ALWAYS_EMBED_SWIFT_STANDARD_LIBRARIES = YES;
				CODE_SIGN_STYLE = Automatic;
				CURRENT_PROJECT_VERSION = 1;
				GENERATE_INFOPLIST_FILE = YES;
				MARKETING_VERSION = 1.0;
				PRODUCT_BUNDLE_IDENTIFIER = alexParreira.CoreDataExampleUITests;
				PRODUCT_NAME = "$(TARGET_NAME)";
				SWIFT_EMIT_LOC_STRINGS = NO;
				SWIFT_VERSION = 5.0;
				TARGETED_DEVICE_FAMILY = "1,2";
				TEST_TARGET_NAME = CoreDataExample;
			};
			name = Debug;
		};
		EB97A7CF2AA8C4A600C4BA58 /* Release */ = {
			isa = XCBuildConfiguration;
			buildSettings = {
				ALWAYS_EMBED_SWIFT_STANDARD_LIBRARIES = YES;
				CODE_SIGN_STYLE = Automatic;
				CURRENT_PROJECT_VERSION = 1;
				GENERATE_INFOPLIST_FILE = YES;
				MARKETING_VERSION = 1.0;
				PRODUCT_BUNDLE_IDENTIFIER = alexParreira.CoreDataExampleUITests;
				PRODUCT_NAME = "$(TARGET_NAME)";
				SWIFT_EMIT_LOC_STRINGS = NO;
				SWIFT_VERSION = 5.0;
				TARGETED_DEVICE_FAMILY = "1,2";
				TEST_TARGET_NAME = CoreDataExample;
			};
			name = Release;
		};
/* End XCBuildConfiguration section */

/* Begin XCConfigurationList section */
		EB97A79E2AA8C4A400C4BA58 /* Build configuration list for PBXProject "CoreDataExample" */ = {
			isa = XCConfigurationList;
			buildConfigurations = (
				EB97A7C52AA8C4A600C4BA58 /* Debug */,
				EB97A7C62AA8C4A600C4BA58 /* Release */,
			);
			defaultConfigurationIsVisible = 0;
			defaultConfigurationName = Release;
		};
		EB97A7C72AA8C4A600C4BA58 /* Build configuration list for PBXNativeTarget "CoreDataExample" */ = {
			isa = XCConfigurationList;
			buildConfigurations = (
				EB97A7C82AA8C4A600C4BA58 /* Debug */,
				EB97A7C92AA8C4A600C4BA58 /* Release */,
			);
			defaultConfigurationIsVisible = 0;
			defaultConfigurationName = Release;
		};
		EB97A7CA2AA8C4A600C4BA58 /* Build configuration list for PBXNativeTarget "CoreDataExampleTests" */ = {
			isa = XCConfigurationList;
			buildConfigurations = (
				EB97A7CB2AA8C4A600C4BA58 /* Debug */,
				EB97A7CC2AA8C4A600C4BA58 /* Release */,
			);
			defaultConfigurationIsVisible = 0;
			defaultConfigurationName = Release;
		};
		EB97A7CD2AA8C4A600C4BA58 /* Build configuration list for PBXNativeTarget "CoreDataExampleUITests" */ = {
			isa = XCConfigurationList;
			buildConfigurations = (
				EB97A7CE2AA8C4A600C4BA58 /* Debug */,
				EB97A7CF2AA8C4A600C4BA58 /* Release */,
			);
			defaultConfigurationIsVisible = 0;
			defaultConfigurationName = Release;
		};
/* End XCConfigurationList section */
	};
	rootObject = EB97A79B2AA8C4A400C4BA58 /* Project object */;
}
